{
  "version": 4,
  "terraform_version": "1.8.0",
  "serial": 59,
  "lineage": "332974fe-33df-1c2b-1708-c6e04f93c424",
  "outputs": {
    "website_url": {
      "value": "https://storage.googleapis.com/armageddon-homework-bucket/index.html",
      "type": "string"
    }
  },
  "resources": [
    {
      "mode": "managed",
      "type": "google_storage_bucket",
      "name": "bucket",
      "provider": "provider[\"registry.terraform.io/hashicorp/google\"]",
      "instances": [
        {
          "schema_version": 1,
          "attributes": {
            "autoclass": [],
            "cors": [
              {
                "max_age_seconds": 3600,
                "method": [
                  "GET",
                  "HEAD",
                  "PUT",
                  "POST",
                  "DELETE"
                ],
                "origin": [
                  "http://image-store.com"
                ],
                "response_header": [
                  "*"
                ]
              }
            ],
            "custom_placement_config": [],
            "default_event_based_hold": false,
            "effective_labels": {},
            "enable_object_retention": false,
            "encryption": [],
            "force_destroy": true,
            "id": "armageddon-homework-bucket",
            "labels": {},
            "lifecycle_rule": [],
            "location": "US-CENTRAL1",
            "logging": [],
            "name": "armageddon-homework-bucket",
            "project": "armageddon-homework",
            "project_number": 385633384173,
            "public_access_prevention": "inherited",
            "requester_pays": false,
            "retention_policy": [],
            "rpo": null,
            "self_link": "https://www.googleapis.com/storage/v1/b/armageddon-homework-bucket",
            "soft_delete_policy": [
              {
                "effective_time": "2024-05-08T00:53:15.061Z",
                "retention_duration_seconds": 604800
              }
            ],
            "storage_class": "STANDARD",
            "terraform_labels": {},
            "timeouts": null,
            "uniform_bucket_level_access": false,
            "url": "gs://armageddon-homework-bucket",
            "versioning": [],
            "website": [
              {
                "main_page_suffix": "index.html",
                "not_found_page": "404.html"
              }
            ]
          },
          "sensitive_attributes": [],
          "private": "eyJlMmJmYjczMC1lY2FhLTExZTYtOGY4OC0zNDM2M2JjN2M0YzAiOnsiY3JlYXRlIjo2MDAwMDAwMDAwMDAsInJlYWQiOjI0MDAwMDAwMDAwMCwidXBkYXRlIjoyNDAwMDAwMDAwMDB9LCJzY2hlbWFfdmVyc2lvbiI6IjEifQ=="
        }
      ]
    },
    {
      "mode": "managed",
      "type": "google_storage_bucket_acl",
      "name": "bucket_acl",
      "provider": "provider[\"registry.terraform.io/hashicorp/google\"]",
      "instances": [
        {
          "schema_version": 0,
          "attributes": {
            "bucket": "armageddon-homework-bucket",
            "default_acl": null,
            "id": "armageddon-homework-bucket-acl",
            "predefined_acl": "publicRead",
            "role_entity": []
          },
          "sensitive_attributes": [],
          "private": "bnVsbA==",
          "dependencies": [
            "google_storage_bucket.bucket"
          ]
        }
      ]
    },
    {
      "mode": "managed",
      "type": "google_storage_bucket_object",
      "name": "upload_html",
      "provider": "provider[\"registry.terraform.io/hashicorp/google\"]",
      "instances": [
        {
          "index_key": "index.html",
          "schema_version": 0,
          "attributes": {
            "bucket": "armageddon-homework-bucket",
            "cache_control": "",
            "content": null,
            "content_disposition": "",
            "content_encoding": "",
            "content_language": "",
            "content_type": "text/html",
            "crc32c": "cRrxrw==",
            "customer_encryption": [],
            "detect_md5hash": "ttuxe0osgRkj2uNCD041fQ==",
            "event_based_hold": false,
            "id": "armageddon-homework-bucket-index.html",
            "kms_key_name": "",
            "md5hash": "ttuxe0osgRkj2uNCD041fQ==",
            "media_link": "https://storage.googleapis.com/download/storage/v1/b/armageddon-homework-bucket/o/index.html?generation=1715129595625996\u0026alt=media",
            "metadata": {},
            "name": "index.html",
            "output_name": "index.html",
            "retention": [],
            "self_link": "https://www.googleapis.com/storage/v1/b/armageddon-homework-bucket/o/index.html",
            "source": "./index.html",
            "storage_class": "STANDARD",
            "temporary_hold": false,
            "timeouts": null
          },
          "sensitive_attributes": [
            [
              {
                "type": "get_attr",
                "value": "content"
              }
            ]
          ],
          "private": "eyJlMmJmYjczMC1lY2FhLTExZTYtOGY4OC0zNDM2M2JjN2M0YzAiOnsiY3JlYXRlIjoyNDAwMDAwMDAwMDAsImRlbGV0ZSI6MjQwMDAwMDAwMDAwLCJ1cGRhdGUiOjI0MDAwMDAwMDAwMH19",
          "dependencies": [
            "google_storage_bucket.bucket"
          ]
        }
      ]
    },
    {
      "mode": "managed",
      "type": "google_storage_bucket_object",
      "name": "upload_images",
      "provider": "provider[\"registry.terraform.io/hashicorp/google\"]",
      "instances": [
        {
          "index_key": "colombia.jpg",
          "schema_version": 0,
          "attributes": {
            "bucket": "armageddon-homework-bucket",
            "cache_control": "",
            "content": null,
            "content_disposition": "",
            "content_encoding": "",
            "content_language": "",
            "content_type": "image/jpeg",
            "crc32c": "1hRaNw==",
            "customer_encryption": [],
            "detect_md5hash": "Vy5esroKD4mAd+z9E5q1NQ==",
            "event_based_hold": false,
            "id": "armageddon-homework-bucket-colombia.jpg",
            "kms_key_name": "",
            "md5hash": "Vy5esroKD4mAd+z9E5q1NQ==",
            "media_link": "https://storage.googleapis.com/download/storage/v1/b/armageddon-homework-bucket/o/colombia.jpg?generation=1715129595612125\u0026alt=media",
            "metadata": {},
            "name": "colombia.jpg",
            "output_name": "colombia.jpg",
            "retention": [],
            "self_link": "https://www.googleapis.com/storage/v1/b/armageddon-homework-bucket/o/colombia.jpg",
            "source": "./colombia.jpg",
            "storage_class": "STANDARD",
            "temporary_hold": false,
            "timeouts": null
          },
          "sensitive_attributes": [
            [
              {
                "type": "get_attr",
                "value": "content"
              }
            ]
          ],
          "private": "eyJlMmJmYjczMC1lY2FhLTExZTYtOGY4OC0zNDM2M2JjN2M0YzAiOnsiY3JlYXRlIjoyNDAwMDAwMDAwMDAsImRlbGV0ZSI6MjQwMDAwMDAwMDAwLCJ1cGRhdGUiOjI0MDAwMDAwMDAwMH19",
          "dependencies": [
            "google_storage_bucket.bucket"
          ]
        },
        {
          "index_key": "costarica.jpg",
          "schema_version": 0,
          "attributes": {
            "bucket": "armageddon-homework-bucket",
            "cache_control": "",
            "content": null,
            "content_disposition": "",
            "content_encoding": "",
            "content_language": "",
            "content_type": "image/jpeg",
            "crc32c": "+68oVQ==",
            "customer_encryption": [],
            "detect_md5hash": "HsqtFP7dIvEeoUDBJ50hpA==",
            "event_based_hold": false,
            "id": "armageddon-homework-bucket-costarica.jpg",
            "kms_key_name": "",
            "md5hash": "HsqtFP7dIvEeoUDBJ50hpA==",
            "media_link": "https://storage.googleapis.com/download/storage/v1/b/armageddon-homework-bucket/o/costarica.jpg?generation=1715129595626117\u0026alt=media",
            "metadata": {},
            "name": "costarica.jpg",
            "output_name": "costarica.jpg",
            "retention": [],
            "self_link": "https://www.googleapis.com/storage/v1/b/armageddon-homework-bucket/o/costarica.jpg",
            "source": "./costarica.jpg",
            "storage_class": "STANDARD",
            "temporary_hold": false,
            "timeouts": null
          },
          "sensitive_attributes": [
            [
              {
                "type": "get_attr",
                "value": "content"
              }
            ]
          ],
          "private": "eyJlMmJmYjczMC1lY2FhLTExZTYtOGY4OC0zNDM2M2JjN2M0YzAiOnsiY3JlYXRlIjoyNDAwMDAwMDAwMDAsImRlbGV0ZSI6MjQwMDAwMDAwMDAwLCJ1cGRhdGUiOjI0MDAwMDAwMDAwMH19",
          "dependencies": [
            "google_storage_bucket.bucket"
          ]
        },
        {
          "index_key": "panama.jpg",
          "schema_version": 0,
          "attributes": {
            "bucket": "armageddon-homework-bucket",
            "cache_control": "",
            "content": null,
            "content_disposition": "",
            "content_encoding": "",
            "content_language": "",
            "content_type": "image/jpeg",
            "crc32c": "d0ndGw==",
            "customer_encryption": [],
            "detect_md5hash": "cHBOeAFD+HNmhDw24Occeg==",
            "event_based_hold": false,
            "id": "armageddon-homework-bucket-panama.jpg",
            "kms_key_name": "",
            "md5hash": "cHBOeAFD+HNmhDw24Occeg==",
            "media_link": "https://storage.googleapis.com/download/storage/v1/b/armageddon-homework-bucket/o/panama.jpg?generation=1715129595614067\u0026alt=media",
            "metadata": {},
            "name": "panama.jpg",
            "output_name": "panama.jpg",
            "retention": [],
            "self_link": "https://www.googleapis.com/storage/v1/b/armageddon-homework-bucket/o/panama.jpg",
            "source": "./panama.jpg",
            "storage_class": "STANDARD",
            "temporary_hold": false,
            "timeouts": null
          },
          "sensitive_attributes": [
            [
              {
                "type": "get_attr",
                "value": "content"
              }
            ]
          ],
          "private": "eyJlMmJmYjczMC1lY2FhLTExZTYtOGY4OC0zNDM2M2JjN2M0YzAiOnsiY3JlYXRlIjoyNDAwMDAwMDAwMDAsImRlbGV0ZSI6MjQwMDAwMDAwMDAwLCJ1cGRhdGUiOjI0MDAwMDAwMDAwMH19",
          "dependencies": [
            "google_storage_bucket.bucket"
          ]
        }
      ]
    },
    {
      "mode": "managed",
      "type": "google_storage_object_acl",
      "name": "html_acl",
      "provider": "provider[\"registry.terraform.io/hashicorp/google\"]",
      "instances": [
        {
          "index_key": "index.html",
          "schema_version": 0,
          "attributes": {
            "bucket": "armageddon-homework-bucket",
            "id": "index.html-acl",
            "object": "index.html",
            "predefined_acl": "publicRead",
            "role_entity": [
              "OWNER:user-freedom-service-account@armageddon-homework.iam.gserviceaccount.com",
              "READER:allUsers"
            ]
          },
          "sensitive_attributes": [],
          "private": "bnVsbA==",
          "dependencies": [
            "google_storage_bucket.bucket",
            "google_storage_bucket_object.upload_html"
          ]
        }
      ]
    },
    {
      "mode": "managed",
      "type": "google_storage_object_acl",
      "name": "image_acl",
      "provider": "provider[\"registry.terraform.io/hashicorp/google\"]",
      "instances": [
        {
          "index_key": "colombia.jpg",
          "schema_version": 0,
          "attributes": {
            "bucket": "armageddon-homework-bucket",
            "id": "colombia.jpg-acl",
            "object": "colombia.jpg",
            "predefined_acl": "publicRead",
            "role_entity": [
              "OWNER:user-freedom-service-account@armageddon-homework.iam.gserviceaccount.com",
              "READER:allUsers"
            ]
          },
          "sensitive_attributes": [],
          "private": "bnVsbA==",
          "dependencies": [
            "google_storage_bucket.bucket",
            "google_storage_bucket_object.upload_images"
          ]
        },
        {
          "index_key": "costarica.jpg",
          "schema_version": 0,
          "attributes": {
            "bucket": "armageddon-homework-bucket",
            "id": "costarica.jpg-acl",
            "object": "costarica.jpg",
            "predefined_acl": "publicRead",
            "role_entity": [
              "OWNER:user-freedom-service-account@armageddon-homework.iam.gserviceaccount.com",
              "READER:allUsers"
            ]
          },
          "sensitive_attributes": [],
          "private": "bnVsbA==",
          "dependencies": [
            "google_storage_bucket.bucket",
            "google_storage_bucket_object.upload_images"
          ]
        },
        {
          "index_key": "panama.jpg",
          "schema_version": 0,
          "attributes": {
            "bucket": "armageddon-homework-bucket",
            "id": "panama.jpg-acl",
            "object": "panama.jpg",
            "predefined_acl": "publicRead",
            "role_entity": [
              "OWNER:user-freedom-service-account@armageddon-homework.iam.gserviceaccount.com",
              "READER:allUsers"
            ]
          },
          "sensitive_attributes": [],
          "private": "bnVsbA==",
          "dependencies": [
            "google_storage_bucket.bucket",
            "google_storage_bucket_object.upload_images"
          ]
        }
      ]
    }
  ],
  "check_results": null
}
